{
    "_meta": {
        "hash": {
            "sha256": "9902b9837dba14a936ac76b1e5bb443848d49fb6a58438d9ce014a780ba13522"
        },
        "pipfile-spec": 6,
        "requires": {
            "python_full_version": "3.11.4",
            "python_version": "3.11"
        },
        "sources": [
            {
                "name": "pypi",
                "url": "https://pypi.org/simple",
                "verify_ssl": true
            }
        ]
    },
    "default": {
        "downloader": {
            "hashes": [
                "sha256:b094e8ed589d7a24b0eeab9e6c1e2638446d82a118fd62cb0c67cccf99a437a9"
            ],
            "index": "pypi",
            "version": "==0.98"
        }
    },
    "develop": {}
}
